
Microsoft Visual Studio Solution File, Format Version 12.00
# Visual Studio Version 17
VisualStudioVersion = 17.13.35931.197 d17.13
MinimumVisualStudioVersion = 10.0.40219.1
Project("{FAE04EC0-301F-11D3-BF4B-00C04F79EFBC}") = "Cv02_Avalonia", "Cv02_Avalonia.csproj", "{D13AA109-6609-42D8-B11E-BD7E08BC327C}"
EndProject
Global
	GlobalSection(SolutionConfigurationPlatforms) = preSolution
		Debug|Any CPU = Debug|Any CPU
		Release|Any CPU = Release|Any CPU
	EndGlobalSection
	GlobalSection(ProjectConfigurationPlatforms) = postSolution
		{D13AA109-6609-42D8-B11E-BD7E08BC327C}.Debug|Any CPU.ActiveCfg = Debug|Any CPU
		{D13AA109-6609-42D8-B11E-BD7E08BC327C}.Debug|Any CPU.Build.0 = Debug|Any CPU
		{D13AA109-6609-42D8-B11E-BD7E08BC327C}.Release|Any CPU.ActiveCfg = Release|Any CPU
		{D13AA109-6609-42D8-B11E-BD7E08BC327C}.Release|Any CPU.Build.0 = Release|Any CPU
	EndGlobalSection
	GlobalSection(SolutionProperties) = preSolution
		HideSolutionNode = FALSE
	EndGlobalSection
	GlobalSection(ExtensibilityGlobals) = postSolution
		SolutionGuid = {84070363-FAD2-4CE2-8282-EDD19F2AC328}
	EndGlobalSection
EndGlobal
